[root]
name = "mac-notify"
version = "0.1.0"
dependencies = [
 "pcap 0.6.0 (registry+https://github.com/rust-lang/crates.io-index)",
]

[[package]]
name = "libc"
version = "0.2.23"
source = "registry+https://github.com/rust-lang/crates.io-index"

[[package]]
name = "pcap"
version = "0.6.0"
source = "registry+https://github.com/rust-lang/crates.io-index"
dependencies = [
 "libc 0.2.23 (registry+https://github.com/rust-lang/crates.io-index)",
]

[metadata]
"checksum libc 0.2.23 (registry+https://github.com/rust-lang/crates.io-index)" = "e7eb6b826bfc1fdea7935d46556250d1799b7fe2d9f7951071f4291710665e3e"
"checksum pcap 0.6.0 (registry+https://github.com/rust-lang/crates.io-index)" = "2e2a0153a310abdbc7cbf20a106b671c3a74705574a19bcd43161370461e3b18"
